
Microsoft Visual Studio Solution File, Format Version 12.00
# Visual Studio Version 16
VisualStudioVersion = 25.0.1706.11
MinimumVisualStudioVersion = 10.0.40219.1
Project("{FAE04EC0-301F-11D3-BF4B-00C04F79EFBC}") = "assignment2", "assignment2\assignment2.csproj", "{0B470F11-9E4B-4D17-ACEC-EAA54369FAC3}"
EndProject
Project("{FAE04EC0-301F-11D3-BF4B-00C04F79EFBC}") = "Test", "Test\Test.csproj", "{16000D44-5763-4160-8818-454CAFB3D7D2}"
EndProject
Global
	GlobalSection(SolutionConfigurationPlatforms) = preSolution
		Debug|Any CPU = Debug|Any CPU
		Release|Any CPU = Release|Any CPU
	EndGlobalSection
	GlobalSection(ProjectConfigurationPlatforms) = postSolution
		{0B470F11-9E4B-4D17-ACEC-EAA54369FAC3}.Debug|Any CPU.ActiveCfg = Debug|Any CPU
		{0B470F11-9E4B-4D17-ACEC-EAA54369FAC3}.Debug|Any CPU.Build.0 = Debug|Any CPU
		{0B470F11-9E4B-4D17-ACEC-EAA54369FAC3}.Release|Any CPU.ActiveCfg = Release|Any CPU
		{0B470F11-9E4B-4D17-ACEC-EAA54369FAC3}.Release|Any CPU.Build.0 = Release|Any CPU
		{16000D44-5763-4160-8818-454CAFB3D7D2}.Debug|Any CPU.ActiveCfg = Debug|Any CPU
		{16000D44-5763-4160-8818-454CAFB3D7D2}.Debug|Any CPU.Build.0 = Debug|Any CPU
		{16000D44-5763-4160-8818-454CAFB3D7D2}.Release|Any CPU.ActiveCfg = Release|Any CPU
		{16000D44-5763-4160-8818-454CAFB3D7D2}.Release|Any CPU.Build.0 = Release|Any CPU
	EndGlobalSection
	GlobalSection(SolutionProperties) = preSolution
		HideSolutionNode = FALSE
	EndGlobalSection
	GlobalSection(ExtensibilityGlobals) = postSolution
		SolutionGuid = {36EE24F5-8CEE-41EE-B4AA-7260B9669A8C}
	EndGlobalSection
EndGlobal
